
Microsoft Visual Studio Solution File, Format Version 12.00
# Visual Studio Version 16
VisualStudioVersion = 16.0.30114.105
MinimumVisualStudioVersion = 10.0.40219.1
Project("{FAE04EC0-301F-11D3-BF4B-00C04F79EFBC}") = "api", "api\api.csproj", "{83D904B5-2BCE-4CC0-9AC1-454CA20085B5}"
EndProject
Project("{FAE04EC0-301F-11D3-BF4B-00C04F79EFBC}") = "api.tests", "api.tests\api.tests.csproj", "{9C649BAF-2E71-41C2-B364-D522E2448AED}"
EndProject
Global
	GlobalSection(SolutionConfigurationPlatforms) = preSolution
		Debug|Any CPU = Debug|Any CPU
		Debug|x64 = Debug|x64
		Debug|x86 = Debug|x86
		Release|Any CPU = Release|Any CPU
		Release|x64 = Release|x64
		Release|x86 = Release|x86
	EndGlobalSection
	GlobalSection(SolutionProperties) = preSolution
		HideSolutionNode = FALSE
	EndGlobalSection
	GlobalSection(ProjectConfigurationPlatforms) = postSolution
		{83D904B5-2BCE-4CC0-9AC1-454CA20085B5}.Debug|Any CPU.ActiveCfg = Debug|Any CPU
		{83D904B5-2BCE-4CC0-9AC1-454CA20085B5}.Debug|Any CPU.Build.0 = Debug|Any CPU
		{83D904B5-2BCE-4CC0-9AC1-454CA20085B5}.Debug|x64.ActiveCfg = Debug|Any CPU
		{83D904B5-2BCE-4CC0-9AC1-454CA20085B5}.Debug|x64.Build.0 = Debug|Any CPU
		{83D904B5-2BCE-4CC0-9AC1-454CA20085B5}.Debug|x86.ActiveCfg = Debug|Any CPU
		{83D904B5-2BCE-4CC0-9AC1-454CA20085B5}.Debug|x86.Build.0 = Debug|Any CPU
		{83D904B5-2BCE-4CC0-9AC1-454CA20085B5}.Release|Any CPU.ActiveCfg = Release|Any CPU
		{83D904B5-2BCE-4CC0-9AC1-454CA20085B5}.Release|Any CPU.Build.0 = Release|Any CPU
		{83D904B5-2BCE-4CC0-9AC1-454CA20085B5}.Release|x64.ActiveCfg = Release|Any CPU
		{83D904B5-2BCE-4CC0-9AC1-454CA20085B5}.Release|x64.Build.0 = Release|Any CPU
		{83D904B5-2BCE-4CC0-9AC1-454CA20085B5}.Release|x86.ActiveCfg = Release|Any CPU
		{83D904B5-2BCE-4CC0-9AC1-454CA20085B5}.Release|x86.Build.0 = Release|Any CPU
		{9C649BAF-2E71-41C2-B364-D522E2448AED}.Debug|Any CPU.ActiveCfg = Debug|Any CPU
		{9C649BAF-2E71-41C2-B364-D522E2448AED}.Debug|Any CPU.Build.0 = Debug|Any CPU
		{9C649BAF-2E71-41C2-B364-D522E2448AED}.Debug|x64.ActiveCfg = Debug|Any CPU
		{9C649BAF-2E71-41C2-B364-D522E2448AED}.Debug|x64.Build.0 = Debug|Any CPU
		{9C649BAF-2E71-41C2-B364-D522E2448AED}.Debug|x86.ActiveCfg = Debug|Any CPU
		{9C649BAF-2E71-41C2-B364-D522E2448AED}.Debug|x86.Build.0 = Debug|Any CPU
		{9C649BAF-2E71-41C2-B364-D522E2448AED}.Release|Any CPU.ActiveCfg = Release|Any CPU
		{9C649BAF-2E71-41C2-B364-D522E2448AED}.Release|Any CPU.Build.0 = Release|Any CPU
		{9C649BAF-2E71-41C2-B364-D522E2448AED}.Release|x64.ActiveCfg = Release|Any CPU
		{9C649BAF-2E71-41C2-B364-D522E2448AED}.Release|x64.Build.0 = Release|Any CPU
		{9C649BAF-2E71-41C2-B364-D522E2448AED}.Release|x86.ActiveCfg = Release|Any CPU
		{9C649BAF-2E71-41C2-B364-D522E2448AED}.Release|x86.Build.0 = Release|Any CPU
	EndGlobalSection
EndGlobal
